
Microsoft Visual Studio Solution File, Format Version 12.00
# Visual Studio Version 16
VisualStudioVersion = 16.0.31424.327
MinimumVisualStudioVersion = 10.0.40219.1
Project("{FAE04EC0-301F-11D3-BF4B-00C04F79EFBC}") = "dordle-solver", "dordle-solver\dordle-solver.csproj", "{6314265B-3F34-4154-8C44-373543CCDC68}"
EndProject
Global
	GlobalSection(SolutionConfigurationPlatforms) = preSolution
		Debug|Any CPU = Debug|Any CPU
		Release|Any CPU = Release|Any CPU
	EndGlobalSection
	GlobalSection(ProjectConfigurationPlatforms) = postSolution
		{6314265B-3F34-4154-8C44-373543CCDC68}.Debug|Any CPU.ActiveCfg = Debug|Any CPU
		{6314265B-3F34-4154-8C44-373543CCDC68}.Debug|Any CPU.Build.0 = Debug|Any CPU
		{6314265B-3F34-4154-8C44-373543CCDC68}.Release|Any CPU.ActiveCfg = Release|Any CPU
		{6314265B-3F34-4154-8C44-373543CCDC68}.Release|Any CPU.Build.0 = Release|Any CPU
	EndGlobalSection
	GlobalSection(SolutionProperties) = preSolution
		HideSolutionNode = FALSE
	EndGlobalSection
	GlobalSection(ExtensibilityGlobals) = postSolution
		SolutionGuid = {6F6A360F-BF65-4C91-9953-DD4D7574E0FE}
	EndGlobalSection
EndGlobal
